
Microsoft Visual Studio Solution File, Format Version 12.00
# Visual Studio Version 16
VisualStudioVersion = 16.0.29509.3
MinimumVisualStudioVersion = 10.0.40219.1
Project("{FAE04EC0-301F-11D3-BF4B-00C04F79EFBC}") = "Example Application", "Example Application\Example Application.csproj", "{013BB843-76A4-43E8-8BD8-393813B9AA7D}"
EndProject
Project("{FAE04EC0-301F-11D3-BF4B-00C04F79EFBC}") = "YoutubeSearch", "YoutubeSearch\YoutubeSearch.csproj", "{E5619B80-3DD7-474A-85AA-84DEAD6ABAEB}"
EndProject
Global
	GlobalSection(SolutionConfigurationPlatforms) = preSolution
		Debug|Any CPU = Debug|Any CPU
		Release|Any CPU = Release|Any CPU
	EndGlobalSection
	GlobalSection(ProjectConfigurationPlatforms) = postSolution
		{013BB843-76A4-43E8-8BD8-393813B9AA7D}.Debug|Any CPU.ActiveCfg = Debug|Any CPU
		{013BB843-76A4-43E8-8BD8-393813B9AA7D}.Debug|Any CPU.Build.0 = Debug|Any CPU
		{013BB843-76A4-43E8-8BD8-393813B9AA7D}.Release|Any CPU.ActiveCfg = Release|Any CPU
		{013BB843-76A4-43E8-8BD8-393813B9AA7D}.Release|Any CPU.Build.0 = Release|Any CPU
		{E5619B80-3DD7-474A-85AA-84DEAD6ABAEB}.Debug|Any CPU.ActiveCfg = Debug|Any CPU
		{E5619B80-3DD7-474A-85AA-84DEAD6ABAEB}.Debug|Any CPU.Build.0 = Debug|Any CPU
		{E5619B80-3DD7-474A-85AA-84DEAD6ABAEB}.Release|Any CPU.ActiveCfg = Release|Any CPU
		{E5619B80-3DD7-474A-85AA-84DEAD6ABAEB}.Release|Any CPU.Build.0 = Release|Any CPU
	EndGlobalSection
	GlobalSection(SolutionProperties) = preSolution
		HideSolutionNode = FALSE
	EndGlobalSection
	GlobalSection(ExtensibilityGlobals) = postSolution
		SolutionGuid = {23706168-2381-4BCA-866C-619DEEF4B181}
	EndGlobalSection
	GlobalSection(MonoDevelopProperties) = preSolution
		Policies = $0
		$0.DotNetNamingPolicy = $1
		$1.DirectoryNamespaceAssociation = None
		$1.ResourceNamePolicy = FileFormatDefault
		version = 1.1
	EndGlobalSection
EndGlobal
